
Microsoft Visual Studio Solution File, Format Version 12.00
# Visual Studio 15
VisualStudioVersion = 15.0.27130.2003
MinimumVisualStudioVersion = 10.0.40219.1
Project("{9A19103F-16F7-4668-BE54-9A1E7A4F7556}") = "Exam1", "Exam1\Exam1.csproj", "{3EE1D411-1E5E-4EBE-848A-AC089815D637}"
EndProject
Project("{9A19103F-16F7-4668-BE54-9A1E7A4F7556}") = "Snowballs1", "Rainer\Snowballs1.csproj", "{CA436E7F-3D14-4F3C-8009-92733C1D6D97}"
EndProject
Project("{9A19103F-16F7-4668-BE54-9A1E7A4F7556}") = "Snowmen", "Snowmen\Snowmen.csproj", "{E14A9078-43BA-4A83-8057-91666896CCA2}"
EndProject
Project("{9A19103F-16F7-4668-BE54-9A1E7A4F7556}") = "test", "test\test.csproj", "{C8770FEE-ACEE-4DBD-9F9F-8542CEC42869}"
EndProject
Project("{9A19103F-16F7-4668-BE54-9A1E7A4F7556}") = "AnonymousDownsite1", "AnonymousDownsite1\AnonymousDownsite1.csproj", "{14CF7DE6-233A-491F-A0E2-F93908221B5E}"
EndProject
Project("{9A19103F-16F7-4668-BE54-9A1E7A4F7556}") = "AnonymousThreat", "AnonymousThreat\AnonymousThreat.csproj", "{DC24DE17-5864-48A1-BC7D-7DC83E04FDFE}"
EndProject
Project("{9A19103F-16F7-4668-BE54-9A1E7A4F7556}") = "AnonymousCache", "AnonymousCache\AnonymousCache.csproj", "{3E1096DB-0E69-41B0-BFC1-05ECA715626F}"
EndProject
Project("{9A19103F-16F7-4668-BE54-9A1E7A4F7556}") = "AnonymousVox", "AnonymousVox\AnonymousVox.csproj", "{433F7688-9AD5-4CD8-B259-7284393886DA}"
EndProject
Project("{9A19103F-16F7-4668-BE54-9A1E7A4F7556}") = "SinoTheWalker", "SinoTheWalker\SinoTheWalker.csproj", "{525BC217-60D6-4ACD-A3E5-BA00861A1005}"
EndProject
Project("{9A19103F-16F7-4668-BE54-9A1E7A4F7556}") = "SoftUniKaraoke", "SoftUniKaraoke\SoftUniKaraoke.csproj", "{C54767A7-D6A8-41BE-87DA-DFE5CCBE98DE}"
EndProject
Project("{9A19103F-16F7-4668-BE54-9A1E7A4F7556}") = "EnduranceRally", "EnduranceRally\EnduranceRally.csproj", "{BB1F0576-8DA7-44C3-A995-EF6ADA22F1EF}"
EndProject
Project("{9A19103F-16F7-4668-BE54-9A1E7A4F7556}") = "WinningTicket", "WinningTicket\WinningTicket.csproj", "{EE3EE999-AAE0-4DD3-8C18-CAF2AE8B7049}"
EndProject
Project("{9A19103F-16F7-4668-BE54-9A1E7A4F7556}") = "PokeMon", "PokeMon\PokeMon.csproj", "{C2CA5200-B129-44E3-8E2B-A631D68BCB18}"
EndProject
Project("{9A19103F-16F7-4668-BE54-9A1E7A4F7556}") = "PokemonDontGo", "PokemonDontGo\PokemonDontGo.csproj", "{E3EAE2E5-DD7D-4EE3-A5BB-DF3F7BC8860A}"
EndProject
Project("{9A19103F-16F7-4668-BE54-9A1E7A4F7556}") = "Regexmon", "Regexmon\Regexmon.csproj", "{660F7862-2C4B-4F9A-9E92-0490B7004814}"
EndProject
Project("{9A19103F-16F7-4668-BE54-9A1E7A4F7556}") = "PokemonEvolution", "PokemonEvolution\PokemonEvolution.csproj", "{D3E004F7-FACD-4A19-9AF4-C353033ED390}"
EndProject
Project("{9A19103F-16F7-4668-BE54-9A1E7A4F7556}") = "CharityMarathon", "CharityMarathon\CharityMarathon.csproj", "{2472BA1E-7692-4960-A08B-02A93129E152}"
EndProject
Project("{9A19103F-16F7-4668-BE54-9A1E7A4F7556}") = "Ladybugs", "Ladybugs\Ladybugs.csproj", "{0569F274-5CAD-4954-87A3-72EBD19CF42C}"
EndProject
Project("{9A19103F-16F7-4668-BE54-9A1E7A4F7556}") = "NetherRealms", "NetherRealms\NetherRealms.csproj", "{E664E2A5-9AD6-4229-86A1-3676BFD4AC32}"
EndProject
Project("{9A19103F-16F7-4668-BE54-9A1E7A4F7556}") = "RoliTheCoder", "RoliTheCoder\RoliTheCoder.csproj", "{915F87D9-1D4E-4FEF-BAFC-E203181E5F60}"
EndProject
Project("{9A19103F-16F7-4668-BE54-9A1E7A4F7556}") = "Snowflake", "Snowflake\Snowflake.csproj", "{16437E90-7A7A-4A3F-B8F6-DFEDCD170D76}"
EndProject
Project("{9A19103F-16F7-4668-BE54-9A1E7A4F7556}") = "Snowwhite", "Snowwhite\Snowwhite.csproj", "{A2CE83A8-E52A-4D71-AA4D-E9840A907083}"
EndProject
Project("{9A19103F-16F7-4668-BE54-9A1E7A4F7556}") = "1.SoftUniCoffeeOrders", "1.SoftUniCoffeeOrders\1.SoftUniCoffeeOrders.csproj", "{BAA3D59A-E93F-457B-A8E3-2BD904F5D084}"
EndProject
Project("{9A19103F-16F7-4668-BE54-9A1E7A4F7556}") = "2.Command Interpreter", "2 – Command Interpreter\2.Command Interpreter.csproj", "{2802154E-1B7C-4BED-96AF-203198C8368F}"
EndProject
Project("{9A19103F-16F7-4668-BE54-9A1E7A4F7556}") = "3.RageQuit", "03. Rage Quit\3.RageQuit.csproj", "{B5313E15-5879-4914-A6DE-6EBD485AA01F}"
EndProject
Project("{9A19103F-16F7-4668-BE54-9A1E7A4F7556}") = "4.Files", "4.Files\4.Files.csproj", "{97D3258F-21C8-4EAE-B45F-8E50DAF8AAAE}"
EndProject
Project("{9A19103F-16F7-4668-BE54-9A1E7A4F7556}") = "01. Sweet Dessert", "01. Sweet Dessert\01. Sweet Dessert.csproj", "{FD54BF4C-942D-41D3-811E-198D8054E52C}"
EndProject
Project("{9A19103F-16F7-4668-BE54-9A1E7A4F7556}") = "02. Array Manipulator", "02. Array Manipulator\02. Array Manipulator.csproj", "{C991AAF1-25C5-43E7-847D-E75D4D1B8D08}"
EndProject
Project("{9A19103F-16F7-4668-BE54-9A1E7A4F7556}") = "03. Football League", "03. Football League\03. Football League.csproj", "{4595A591-14A2-4E76-94FD-AEC1A615B789}"
EndProject
Project("{9A19103F-16F7-4668-BE54-9A1E7A4F7556}") = "001Problem", "001Problem\001Problem.csproj", "{9DDE40E8-3838-4E49-9C2E-533100514DFC}"
EndProject
Project("{9A19103F-16F7-4668-BE54-9A1E7A4F7556}") = "002Problem", "002Problem\002Problem.csproj", "{296483F1-964B-469D-ACE0-C710F71E0C06}"
EndProject
Project("{9A19103F-16F7-4668-BE54-9A1E7A4F7556}") = "003Problem", "003Problem\003Problem.csproj", "{5590E02A-4D14-4466-9837-8A845441ADFC}"
EndProject
Project("{9A19103F-16F7-4668-BE54-9A1E7A4F7556}") = "004Problem", "004Problem\004Problem.csproj", "{D7463874-863A-42C0-82DF-6AD9D7EBB5B1}"
EndProject
Project("{FAE04EC0-301F-11D3-BF4B-00C04F79EFBC}") = "00test", "00test\00test.csproj", "{19237FEB-CEAD-4D65-86A5-FE5AA47EA7FA}"
EndProject
Global
	GlobalSection(SolutionConfigurationPlatforms) = preSolution
		Debug|Any CPU = Debug|Any CPU
		Release|Any CPU = Release|Any CPU
	EndGlobalSection
	GlobalSection(ProjectConfigurationPlatforms) = postSolution
		{3EE1D411-1E5E-4EBE-848A-AC089815D637}.Debug|Any CPU.ActiveCfg = Debug|Any CPU
		{3EE1D411-1E5E-4EBE-848A-AC089815D637}.Debug|Any CPU.Build.0 = Debug|Any CPU
		{3EE1D411-1E5E-4EBE-848A-AC089815D637}.Release|Any CPU.ActiveCfg = Release|Any CPU
		{3EE1D411-1E5E-4EBE-848A-AC089815D637}.Release|Any CPU.Build.0 = Release|Any CPU
		{CA436E7F-3D14-4F3C-8009-92733C1D6D97}.Debug|Any CPU.ActiveCfg = Debug|Any CPU
		{CA436E7F-3D14-4F3C-8009-92733C1D6D97}.Debug|Any CPU.Build.0 = Debug|Any CPU
		{CA436E7F-3D14-4F3C-8009-92733C1D6D97}.Release|Any CPU.ActiveCfg = Release|Any CPU
		{CA436E7F-3D14-4F3C-8009-92733C1D6D97}.Release|Any CPU.Build.0 = Release|Any CPU
		{E14A9078-43BA-4A83-8057-91666896CCA2}.Debug|Any CPU.ActiveCfg = Debug|Any CPU
		{E14A9078-43BA-4A83-8057-91666896CCA2}.Debug|Any CPU.Build.0 = Debug|Any CPU
		{E14A9078-43BA-4A83-8057-91666896CCA2}.Release|Any CPU.ActiveCfg = Release|Any CPU
		{E14A9078-43BA-4A83-8057-91666896CCA2}.Release|Any CPU.Build.0 = Release|Any CPU
		{C8770FEE-ACEE-4DBD-9F9F-8542CEC42869}.Debug|Any CPU.ActiveCfg = Debug|Any CPU
		{C8770FEE-ACEE-4DBD-9F9F-8542CEC42869}.Debug|Any CPU.Build.0 = Debug|Any CPU
		{C8770FEE-ACEE-4DBD-9F9F-8542CEC42869}.Release|Any CPU.ActiveCfg = Release|Any CPU
		{C8770FEE-ACEE-4DBD-9F9F-8542CEC42869}.Release|Any CPU.Build.0 = Release|Any CPU
		{14CF7DE6-233A-491F-A0E2-F93908221B5E}.Debug|Any CPU.ActiveCfg = Debug|Any CPU
		{14CF7DE6-233A-491F-A0E2-F93908221B5E}.Debug|Any CPU.Build.0 = Debug|Any CPU
		{14CF7DE6-233A-491F-A0E2-F93908221B5E}.Release|Any CPU.ActiveCfg = Release|Any CPU
		{14CF7DE6-233A-491F-A0E2-F93908221B5E}.Release|Any CPU.Build.0 = Release|Any CPU
		{DC24DE17-5864-48A1-BC7D-7DC83E04FDFE}.Debug|Any CPU.ActiveCfg = Debug|Any CPU
		{DC24DE17-5864-48A1-BC7D-7DC83E04FDFE}.Debug|Any CPU.Build.0 = Debug|Any CPU
		{DC24DE17-5864-48A1-BC7D-7DC83E04FDFE}.Release|Any CPU.ActiveCfg = Release|Any CPU
		{DC24DE17-5864-48A1-BC7D-7DC83E04FDFE}.Release|Any CPU.Build.0 = Release|Any CPU
		{3E1096DB-0E69-41B0-BFC1-05ECA715626F}.Debug|Any CPU.ActiveCfg = Debug|Any CPU
		{3E1096DB-0E69-41B0-BFC1-05ECA715626F}.Debug|Any CPU.Build.0 = Debug|Any CPU
		{3E1096DB-0E69-41B0-BFC1-05ECA715626F}.Release|Any CPU.ActiveCfg = Release|Any CPU
		{3E1096DB-0E69-41B0-BFC1-05ECA715626F}.Release|Any CPU.Build.0 = Release|Any CPU
		{433F7688-9AD5-4CD8-B259-7284393886DA}.Debug|Any CPU.ActiveCfg = Debug|Any CPU
		{433F7688-9AD5-4CD8-B259-7284393886DA}.Debug|Any CPU.Build.0 = Debug|Any CPU
		{433F7688-9AD5-4CD8-B259-7284393886DA}.Release|Any CPU.ActiveCfg = Release|Any CPU
		{433F7688-9AD5-4CD8-B259-7284393886DA}.Release|Any CPU.Build.0 = Release|Any CPU
		{525BC217-60D6-4ACD-A3E5-BA00861A1005}.Debug|Any CPU.ActiveCfg = Debug|Any CPU
		{525BC217-60D6-4ACD-A3E5-BA00861A1005}.Debug|Any CPU.Build.0 = Debug|Any CPU
		{525BC217-60D6-4ACD-A3E5-BA00861A1005}.Release|Any CPU.ActiveCfg = Release|Any CPU
		{525BC217-60D6-4ACD-A3E5-BA00861A1005}.Release|Any CPU.Build.0 = Release|Any CPU
		{C54767A7-D6A8-41BE-87DA-DFE5CCBE98DE}.Debug|Any CPU.ActiveCfg = Debug|Any CPU
		{C54767A7-D6A8-41BE-87DA-DFE5CCBE98DE}.Debug|Any CPU.Build.0 = Debug|Any CPU
		{C54767A7-D6A8-41BE-87DA-DFE5CCBE98DE}.Release|Any CPU.ActiveCfg = Release|Any CPU
		{C54767A7-D6A8-41BE-87DA-DFE5CCBE98DE}.Release|Any CPU.Build.0 = Release|Any CPU
		{BB1F0576-8DA7-44C3-A995-EF6ADA22F1EF}.Debug|Any CPU.ActiveCfg = Debug|Any CPU
		{BB1F0576-8DA7-44C3-A995-EF6ADA22F1EF}.Debug|Any CPU.Build.0 = Debug|Any CPU
		{BB1F0576-8DA7-44C3-A995-EF6ADA22F1EF}.Release|Any CPU.ActiveCfg = Release|Any CPU
		{BB1F0576-8DA7-44C3-A995-EF6ADA22F1EF}.Release|Any CPU.Build.0 = Release|Any CPU
		{EE3EE999-AAE0-4DD3-8C18-CAF2AE8B7049}.Debug|Any CPU.ActiveCfg = Debug|Any CPU
		{EE3EE999-AAE0-4DD3-8C18-CAF2AE8B7049}.Debug|Any CPU.Build.0 = Debug|Any CPU
		{EE3EE999-AAE0-4DD3-8C18-CAF2AE8B7049}.Release|Any CPU.ActiveCfg = Release|Any CPU
		{EE3EE999-AAE0-4DD3-8C18-CAF2AE8B7049}.Release|Any CPU.Build.0 = Release|Any CPU
		{C2CA5200-B129-44E3-8E2B-A631D68BCB18}.Debug|Any CPU.ActiveCfg = Debug|Any CPU
		{C2CA5200-B129-44E3-8E2B-A631D68BCB18}.Debug|Any CPU.Build.0 = Debug|Any CPU
		{C2CA5200-B129-44E3-8E2B-A631D68BCB18}.Release|Any CPU.ActiveCfg = Release|Any CPU
		{C2CA5200-B129-44E3-8E2B-A631D68BCB18}.Release|Any CPU.Build.0 = Release|Any CPU
		{E3EAE2E5-DD7D-4EE3-A5BB-DF3F7BC8860A}.Debug|Any CPU.ActiveCfg = Debug|Any CPU
		{E3EAE2E5-DD7D-4EE3-A5BB-DF3F7BC8860A}.Debug|Any CPU.Build.0 = Debug|Any CPU
		{E3EAE2E5-DD7D-4EE3-A5BB-DF3F7BC8860A}.Release|Any CPU.ActiveCfg = Release|Any CPU
		{E3EAE2E5-DD7D-4EE3-A5BB-DF3F7BC8860A}.Release|Any CPU.Build.0 = Release|Any CPU
		{660F7862-2C4B-4F9A-9E92-0490B7004814}.Debug|Any CPU.ActiveCfg = Debug|Any CPU
		{660F7862-2C4B-4F9A-9E92-0490B7004814}.Debug|Any CPU.Build.0 = Debug|Any CPU
		{660F7862-2C4B-4F9A-9E92-0490B7004814}.Release|Any CPU.ActiveCfg = Release|Any CPU
		{660F7862-2C4B-4F9A-9E92-0490B7004814}.Release|Any CPU.Build.0 = Release|Any CPU
		{D3E004F7-FACD-4A19-9AF4-C353033ED390}.Debug|Any CPU.ActiveCfg = Debug|Any CPU
		{D3E004F7-FACD-4A19-9AF4-C353033ED390}.Debug|Any CPU.Build.0 = Debug|Any CPU
		{D3E004F7-FACD-4A19-9AF4-C353033ED390}.Release|Any CPU.ActiveCfg = Release|Any CPU
		{D3E004F7-FACD-4A19-9AF4-C353033ED390}.Release|Any CPU.Build.0 = Release|Any CPU
		{2472BA1E-7692-4960-A08B-02A93129E152}.Debug|Any CPU.ActiveCfg = Debug|Any CPU
		{2472BA1E-7692-4960-A08B-02A93129E152}.Debug|Any CPU.Build.0 = Debug|Any CPU
		{2472BA1E-7692-4960-A08B-02A93129E152}.Release|Any CPU.ActiveCfg = Release|Any CPU
		{2472BA1E-7692-4960-A08B-02A93129E152}.Release|Any CPU.Build.0 = Release|Any CPU
		{0569F274-5CAD-4954-87A3-72EBD19CF42C}.Debug|Any CPU.ActiveCfg = Debug|Any CPU
		{0569F274-5CAD-4954-87A3-72EBD19CF42C}.Debug|Any CPU.Build.0 = Debug|Any CPU
		{0569F274-5CAD-4954-87A3-72EBD19CF42C}.Release|Any CPU.ActiveCfg = Release|Any CPU
		{0569F274-5CAD-4954-87A3-72EBD19CF42C}.Release|Any CPU.Build.0 = Release|Any CPU
		{E664E2A5-9AD6-4229-86A1-3676BFD4AC32}.Debug|Any CPU.ActiveCfg = Debug|Any CPU
		{E664E2A5-9AD6-4229-86A1-3676BFD4AC32}.Debug|Any CPU.Build.0 = Debug|Any CPU
		{E664E2A5-9AD6-4229-86A1-3676BFD4AC32}.Release|Any CPU.ActiveCfg = Release|Any CPU
		{E664E2A5-9AD6-4229-86A1-3676BFD4AC32}.Release|Any CPU.Build.0 = Release|Any CPU
		{915F87D9-1D4E-4FEF-BAFC-E203181E5F60}.Debug|Any CPU.ActiveCfg = Debug|Any CPU
		{915F87D9-1D4E-4FEF-BAFC-E203181E5F60}.Debug|Any CPU.Build.0 = Debug|Any CPU
		{915F87D9-1D4E-4FEF-BAFC-E203181E5F60}.Release|Any CPU.ActiveCfg = Release|Any CPU
		{915F87D9-1D4E-4FEF-BAFC-E203181E5F60}.Release|Any CPU.Build.0 = Release|Any CPU
		{16437E90-7A7A-4A3F-B8F6-DFEDCD170D76}.Debug|Any CPU.ActiveCfg = Debug|Any CPU
		{16437E90-7A7A-4A3F-B8F6-DFEDCD170D76}.Debug|Any CPU.Build.0 = Debug|Any CPU
		{16437E90-7A7A-4A3F-B8F6-DFEDCD170D76}.Release|Any CPU.ActiveCfg = Release|Any CPU
		{16437E90-7A7A-4A3F-B8F6-DFEDCD170D76}.Release|Any CPU.Build.0 = Release|Any CPU
		{A2CE83A8-E52A-4D71-AA4D-E9840A907083}.Debug|Any CPU.ActiveCfg = Debug|Any CPU
		{A2CE83A8-E52A-4D71-AA4D-E9840A907083}.Debug|Any CPU.Build.0 = Debug|Any CPU
		{A2CE83A8-E52A-4D71-AA4D-E9840A907083}.Release|Any CPU.ActiveCfg = Release|Any CPU
		{A2CE83A8-E52A-4D71-AA4D-E9840A907083}.Release|Any CPU.Build.0 = Release|Any CPU
		{BAA3D59A-E93F-457B-A8E3-2BD904F5D084}.Debug|Any CPU.ActiveCfg = Debug|Any CPU
		{BAA3D59A-E93F-457B-A8E3-2BD904F5D084}.Debug|Any CPU.Build.0 = Debug|Any CPU
		{BAA3D59A-E93F-457B-A8E3-2BD904F5D084}.Release|Any CPU.ActiveCfg = Release|Any CPU
		{BAA3D59A-E93F-457B-A8E3-2BD904F5D084}.Release|Any CPU.Build.0 = Release|Any CPU
		{2802154E-1B7C-4BED-96AF-203198C8368F}.Debug|Any CPU.ActiveCfg = Debug|Any CPU
		{2802154E-1B7C-4BED-96AF-203198C8368F}.Debug|Any CPU.Build.0 = Debug|Any CPU
		{2802154E-1B7C-4BED-96AF-203198C8368F}.Release|Any CPU.ActiveCfg = Release|Any CPU
		{2802154E-1B7C-4BED-96AF-203198C8368F}.Release|Any CPU.Build.0 = Release|Any CPU
		{B5313E15-5879-4914-A6DE-6EBD485AA01F}.Debug|Any CPU.ActiveCfg = Debug|Any CPU
		{B5313E15-5879-4914-A6DE-6EBD485AA01F}.Debug|Any CPU.Build.0 = Debug|Any CPU
		{B5313E15-5879-4914-A6DE-6EBD485AA01F}.Release|Any CPU.ActiveCfg = Release|Any CPU
		{B5313E15-5879-4914-A6DE-6EBD485AA01F}.Release|Any CPU.Build.0 = Release|Any CPU
		{97D3258F-21C8-4EAE-B45F-8E50DAF8AAAE}.Debug|Any CPU.ActiveCfg = Debug|Any CPU
		{97D3258F-21C8-4EAE-B45F-8E50DAF8AAAE}.Debug|Any CPU.Build.0 = Debug|Any CPU
		{97D3258F-21C8-4EAE-B45F-8E50DAF8AAAE}.Release|Any CPU.ActiveCfg = Release|Any CPU
		{97D3258F-21C8-4EAE-B45F-8E50DAF8AAAE}.Release|Any CPU.Build.0 = Release|Any CPU
		{FD54BF4C-942D-41D3-811E-198D8054E52C}.Debug|Any CPU.ActiveCfg = Debug|Any CPU
		{FD54BF4C-942D-41D3-811E-198D8054E52C}.Debug|Any CPU.Build.0 = Debug|Any CPU
		{FD54BF4C-942D-41D3-811E-198D8054E52C}.Release|Any CPU.ActiveCfg = Release|Any CPU
		{FD54BF4C-942D-41D3-811E-198D8054E52C}.Release|Any CPU.Build.0 = Release|Any CPU
		{C991AAF1-25C5-43E7-847D-E75D4D1B8D08}.Debug|Any CPU.ActiveCfg = Debug|Any CPU
		{C991AAF1-25C5-43E7-847D-E75D4D1B8D08}.Debug|Any CPU.Build.0 = Debug|Any CPU
		{C991AAF1-25C5-43E7-847D-E75D4D1B8D08}.Release|Any CPU.ActiveCfg = Release|Any CPU
		{C991AAF1-25C5-43E7-847D-E75D4D1B8D08}.Release|Any CPU.Build.0 = Release|Any CPU
		{4595A591-14A2-4E76-94FD-AEC1A615B789}.Debug|Any CPU.ActiveCfg = Debug|Any CPU
		{4595A591-14A2-4E76-94FD-AEC1A615B789}.Debug|Any CPU.Build.0 = Debug|Any CPU
		{4595A591-14A2-4E76-94FD-AEC1A615B789}.Release|Any CPU.ActiveCfg = Release|Any CPU
		{4595A591-14A2-4E76-94FD-AEC1A615B789}.Release|Any CPU.Build.0 = Release|Any CPU
		{9DDE40E8-3838-4E49-9C2E-533100514DFC}.Debug|Any CPU.ActiveCfg = Debug|Any CPU
		{9DDE40E8-3838-4E49-9C2E-533100514DFC}.Debug|Any CPU.Build.0 = Debug|Any CPU
		{9DDE40E8-3838-4E49-9C2E-533100514DFC}.Release|Any CPU.ActiveCfg = Release|Any CPU
		{9DDE40E8-3838-4E49-9C2E-533100514DFC}.Release|Any CPU.Build.0 = Release|Any CPU
		{296483F1-964B-469D-ACE0-C710F71E0C06}.Debug|Any CPU.ActiveCfg = Debug|Any CPU
		{296483F1-964B-469D-ACE0-C710F71E0C06}.Debug|Any CPU.Build.0 = Debug|Any CPU
		{296483F1-964B-469D-ACE0-C710F71E0C06}.Release|Any CPU.ActiveCfg = Release|Any CPU
		{296483F1-964B-469D-ACE0-C710F71E0C06}.Release|Any CPU.Build.0 = Release|Any CPU
		{5590E02A-4D14-4466-9837-8A845441ADFC}.Debug|Any CPU.ActiveCfg = Debug|Any CPU
		{5590E02A-4D14-4466-9837-8A845441ADFC}.Debug|Any CPU.Build.0 = Debug|Any CPU
		{5590E02A-4D14-4466-9837-8A845441ADFC}.Release|Any CPU.ActiveCfg = Release|Any CPU
		{5590E02A-4D14-4466-9837-8A845441ADFC}.Release|Any CPU.Build.0 = Release|Any CPU
		{D7463874-863A-42C0-82DF-6AD9D7EBB5B1}.Debug|Any CPU.ActiveCfg = Debug|Any CPU
		{D7463874-863A-42C0-82DF-6AD9D7EBB5B1}.Debug|Any CPU.Build.0 = Debug|Any CPU
		{D7463874-863A-42C0-82DF-6AD9D7EBB5B1}.Release|Any CPU.ActiveCfg = Release|Any CPU
		{D7463874-863A-42C0-82DF-6AD9D7EBB5B1}.Release|Any CPU.Build.0 = Release|Any CPU
		{19237FEB-CEAD-4D65-86A5-FE5AA47EA7FA}.Debug|Any CPU.ActiveCfg = Debug|Any CPU
		{19237FEB-CEAD-4D65-86A5-FE5AA47EA7FA}.Debug|Any CPU.Build.0 = Debug|Any CPU
		{19237FEB-CEAD-4D65-86A5-FE5AA47EA7FA}.Release|Any CPU.ActiveCfg = Release|Any CPU
		{19237FEB-CEAD-4D65-86A5-FE5AA47EA7FA}.Release|Any CPU.Build.0 = Release|Any CPU
	EndGlobalSection
	GlobalSection(SolutionProperties) = preSolution
		HideSolutionNode = FALSE
	EndGlobalSection
	GlobalSection(ExtensibilityGlobals) = postSolution
		SolutionGuid = {FB5AB4A9-A328-4560-817F-938D911FA633}
	EndGlobalSection
EndGlobal
