
Microsoft Visual Studio Solution File, Format Version 12.00
# Visual Studio 15
VisualStudioVersion = 15.0.27130.2003
MinimumVisualStudioVersion = 10.0.40219.1
Project("{FAE04EC0-301F-11D3-BF4B-00C04F79EFBC}") = "ConsoleApp2", "ConsoleApp2\ConsoleApp2.csproj", "{1AFE8C23-6467-4287-A151-D5A137E204C6}"
EndProject
Global
	GlobalSection(SolutionConfigurationPlatforms) = preSolution
		Debug|Any CPU = Debug|Any CPU
		Release|Any CPU = Release|Any CPU
	EndGlobalSection
	GlobalSection(ProjectConfigurationPlatforms) = postSolution
		{1AFE8C23-6467-4287-A151-D5A137E204C6}.Debug|Any CPU.ActiveCfg = Debug|Any CPU
		{1AFE8C23-6467-4287-A151-D5A137E204C6}.Debug|Any CPU.Build.0 = Debug|Any CPU
		{1AFE8C23-6467-4287-A151-D5A137E204C6}.Release|Any CPU.ActiveCfg = Release|Any CPU
		{1AFE8C23-6467-4287-A151-D5A137E204C6}.Release|Any CPU.Build.0 = Release|Any CPU
	EndGlobalSection
	GlobalSection(SolutionProperties) = preSolution
		HideSolutionNode = FALSE
	EndGlobalSection
	GlobalSection(ExtensibilityGlobals) = postSolution
		SolutionGuid = {03F509D4-0FF1-4E48-AC3A-98BB922D5EA6}
	EndGlobalSection
EndGlobal
